
Microsoft Visual Studio Solution File, Format Version 12.00
# Visual Studio Version 17
VisualStudioVersion = 17.13.35825.156 d17.13
MinimumVisualStudioVersion = 10.0.40219.1
Project("{FAE04EC0-301F-11D3-BF4B-00C04F79EFBC}") = "BibliotecaAPI", "BibliotecaAPI\BibliotecaAPI.csproj", "{00AB8623-53C8-45F3-87AE-D3631A3B3FBC}"
EndProject
Global
	GlobalSection(SolutionConfigurationPlatforms) = preSolution
		Debug|Any CPU = Debug|Any CPU
		Release|Any CPU = Release|Any CPU
	EndGlobalSection
	GlobalSection(ProjectConfigurationPlatforms) = postSolution
		{00AB8623-53C8-45F3-87AE-D3631A3B3FBC}.Debug|Any CPU.ActiveCfg = Debug|Any CPU
		{00AB8623-53C8-45F3-87AE-D3631A3B3FBC}.Debug|Any CPU.Build.0 = Debug|Any CPU
		{00AB8623-53C8-45F3-87AE-D3631A3B3FBC}.Release|Any CPU.ActiveCfg = Release|Any CPU
		{00AB8623-53C8-45F3-87AE-D3631A3B3FBC}.Release|Any CPU.Build.0 = Release|Any CPU
	EndGlobalSection
	GlobalSection(SolutionProperties) = preSolution
		HideSolutionNode = FALSE
	EndGlobalSection
	GlobalSection(ExtensibilityGlobals) = postSolution
		SolutionGuid = {529FDF45-1854-4E35-AA63-A8D92D5F8BAA}
	EndGlobalSection
EndGlobal
